// !$*UTF8*$!
{
	archiveVersion = 1;
	classes = {
	};
	objectVersion = 51;
	objects = {

/* Begin PBXBuildFile section */
		062DBAD5251C253C009027BE /* MovieDetailsViewController.swift in Sources */ = {isa = PBXBuildFile; fileRef = 062DBAD4251C253C009027BE /* MovieDetailsViewController.swift */; };
		062DBAD7251C3138009027BE /* MovieGridViewController.swift in Sources */ = {isa = PBXBuildFile; fileRef = 062DBAD6251C3138009027BE /* MovieGridViewController.swift */; };
		062DBAD9251C34EC009027BE /* MovieGridCell.swift in Sources */ = {isa = PBXBuildFile; fileRef = 062DBAD8251C34EC009027BE /* MovieGridCell.swift */; };
		06E3B2A12511CF0E003DA6D8 /* AppDelegate.swift in Sources */ = {isa = PBXBuildFile; fileRef = 06E3B2A02511CF0E003DA6D8 /* AppDelegate.swift */; };
		06E3B2A32511CF0E003DA6D8 /* SceneDelegate.swift in Sources */ = {isa = PBXBuildFile; fileRef = 06E3B2A22511CF0E003DA6D8 /* SceneDelegate.swift */; };
		06E3B2A52511CF0E003DA6D8 /* ViewController.swift in Sources */ = {isa = PBXBuildFile; fileRef = 06E3B2A42511CF0E003DA6D8 /* ViewController.swift */; };
		06E3B2A82511CF0E003DA6D8 /* Main.storyboard in Resources */ = {isa = PBXBuildFile; fileRef = 06E3B2A62511CF0E003DA6D8 /* Main.storyboard */; };
		06E3B2AA2511CF18003DA6D8 /* Assets.xcassets in Resources */ = {isa = PBXBuildFile; fileRef = 06E3B2A92511CF18003DA6D8 /* Assets.xcassets */; };
		06E3B2AD2511CF18003DA6D8 /* LaunchScreen.storyboard in Resources */ = {isa = PBXBuildFile; fileRef = 06E3B2AB2511CF18003DA6D8 /* LaunchScreen.storyboard */; };
		06E3B2B82511CF19003DA6D8 /* flixTests.swift in Sources */ = {isa = PBXBuildFile; fileRef = 06E3B2B72511CF19003DA6D8 /* flixTests.swift */; };
		06E3B2C32511CF19003DA6D8 /* flixUITests.swift in Sources */ = {isa = PBXBuildFile; fileRef = 06E3B2C22511CF19003DA6D8 /* flixUITests.swift */; };
		06E3B2D12511D408003DA6D8 /* MoviesViewController.swift in Sources */ = {isa = PBXBuildFile; fileRef = 06E3B2D02511D408003DA6D8 /* MoviesViewController.swift */; };
		06E3B2D325126F22003DA6D8 /* MovieCell.swift in Sources */ = {isa = PBXBuildFile; fileRef = 06E3B2D225126F22003DA6D8 /* MovieCell.swift */; };
		A120A986EFAC0A031DDCF182 /* Pods_flix_flixUITests.framework in Frameworks */ = {isa = PBXBuildFile; fileRef = ACC33CC51087A37DA3DDA701 /* Pods_flix_flixUITests.framework */; };
		EB5B08027C8A82826621246E /* Pods_flixTests.framework in Frameworks */ = {isa = PBXBuildFile; fileRef = D1DF58F7D2331F48F5CEE098 /* Pods_flixTests.framework */; };
		ECA837CF1ED7D44A416CC2B2 /* Pods_flix.framework in Frameworks */ = {isa = PBXBuildFile; fileRef = BCA0C98F204FC8B3ACB31E82 /* Pods_flix.framework */; };
/* End PBXBuildFile section */

/* Begin PBXContainerItemProxy section */
		06E3B2B42511CF19003DA6D8 /* PBXContainerItemProxy */ = {
			isa = PBXContainerItemProxy;
			containerPortal = 06E3B2952511CF0D003DA6D8 /* Project object */;
			proxyType = 1;
			remoteGlobalIDString = 06E3B29C2511CF0D003DA6D8;
			remoteInfo = flix;
		};
		06E3B2BF2511CF19003DA6D8 /* PBXContainerItemProxy */ = {
			isa = PBXContainerItemProxy;
			containerPortal = 06E3B2952511CF0D003DA6D8 /* Project object */;
			proxyType = 1;
			remoteGlobalIDString = 06E3B29C2511CF0D003DA6D8;
			remoteInfo = flix;
		};
/* End PBXContainerItemProxy section */

/* Begin PBXFileReference section */
		062DBAD4251C253C009027BE /* MovieDetailsViewController.swift */ = {isa = PBXFileReference; lastKnownFileType = sourcecode.swift; path = MovieDetailsViewController.swift; sourceTree = "<group>"; };
		062DBAD6251C3138009027BE /* MovieGridViewController.swift */ = {isa = PBXFileReference; lastKnownFileType = sourcecode.swift; path = MovieGridViewController.swift; sourceTree = "<group>"; };
		062DBAD8251C34EC009027BE /* MovieGridCell.swift */ = {isa = PBXFileReference; lastKnownFileType = sourcecode.swift; path = MovieGridCell.swift; sourceTree = "<group>"; };
		06E3B29D2511CF0D003DA6D8 /* flix.app */ = {isa = PBXFileReference; explicitFileType = wrapper.application; includeInIndex = 0; path = flix.app; sourceTree = BUILT_PRODUCTS_DIR; };
		06E3B2A02511CF0E003DA6D8 /* AppDelegate.swift */ = {isa = PBXFileReference; lastKnownFileType = sourcecode.swift; path = AppDelegate.swift; sourceTree = "<group>"; };
		06E3B2A22511CF0E003DA6D8 /* SceneDelegate.swift */ = {isa = PBXFileReference; lastKnownFileType = sourcecode.swift; path = SceneDelegate.swift; sourceTree = "<group>"; };
		06E3B2A42511CF0E003DA6D8 /* ViewController.swift */ = {isa = PBXFileReference; lastKnownFileType = sourcecode.swift; path = ViewController.swift; sourceTree = "<group>"; };
		06E3B2A72511CF0E003DA6D8 /* Base */ = {isa = PBXFileReference; lastKnownFileType = file.storyboard; name = Base; path = Base.lproj/Main.storyboard; sourceTree = "<group>"; };
		06E3B2A92511CF18003DA6D8 /* Assets.xcassets */ = {isa = PBXFileReference; lastKnownFileType = folder.assetcatalog; path = Assets.xcassets; sourceTree = "<group>"; };
		06E3B2AC2511CF18003DA6D8 /* Base */ = {isa = PBXFileReference; lastKnownFileType = file.storyboard; name = Base; path = Base.lproj/LaunchScreen.storyboard; sourceTree = "<group>"; };
		06E3B2AE2511CF18003DA6D8 /* Info.plist */ = {isa = PBXFileReference; lastKnownFileType = text.plist.xml; path = Info.plist; sourceTree = "<group>"; };
		06E3B2B32511CF19003DA6D8 /* flixTests.xctest */ = {isa = PBXFileReference; explicitFileType = wrapper.cfbundle; includeInIndex = 0; path = flixTests.xctest; sourceTree = BUILT_PRODUCTS_DIR; };
		06E3B2B72511CF19003DA6D8 /* flixTests.swift */ = {isa = PBXFileReference; lastKnownFileType = sourcecode.swift; path = flixTests.swift; sourceTree = "<group>"; };
		06E3B2B92511CF19003DA6D8 /* Info.plist */ = {isa = PBXFileReference; lastKnownFileType = text.plist.xml; path = Info.plist; sourceTree = "<group>"; };
		06E3B2BE2511CF19003DA6D8 /* flixUITests.xctest */ = {isa = PBXFileReference; explicitFileType = wrapper.cfbundle; includeInIndex = 0; path = flixUITests.xctest; sourceTree = BUILT_PRODUCTS_DIR; };
		06E3B2C22511CF19003DA6D8 /* flixUITests.swift */ = {isa = PBXFileReference; lastKnownFileType = sourcecode.swift; path = flixUITests.swift; sourceTree = "<group>"; };
		06E3B2C42511CF19003DA6D8 /* Info.plist */ = {isa = PBXFileReference; lastKnownFileType = text.plist.xml; path = Info.plist; sourceTree = "<group>"; };
		06E3B2D02511D408003DA6D8 /* MoviesViewController.swift */ = {isa = PBXFileReference; lastKnownFileType = sourcecode.swift; path = MoviesViewController.swift; sourceTree = "<group>"; };
		06E3B2D225126F22003DA6D8 /* MovieCell.swift */ = {isa = PBXFileReference; lastKnownFileType = sourcecode.swift; path = MovieCell.swift; sourceTree = "<group>"; };
		2D82C01DACF0D463953D7211 /* Pods-flix.release.xcconfig */ = {isa = PBXFileReference; includeInIndex = 1; lastKnownFileType = text.xcconfig; name = "Pods-flix.release.xcconfig"; path = "Target Support Files/Pods-flix/Pods-flix.release.xcconfig"; sourceTree = "<group>"; };
		5B9F928F947F3D957B1C821D /* Pods-flixTests.release.xcconfig */ = {isa = PBXFileReference; includeInIndex = 1; lastKnownFileType = text.xcconfig; name = "Pods-flixTests.release.xcconfig"; path = "Target Support Files/Pods-flixTests/Pods-flixTests.release.xcconfig"; sourceTree = "<group>"; };
		6C740805A793F42B9CD86FA4 /* Pods-flix-flixUITests.release.xcconfig */ = {isa = PBXFileReference; includeInIndex = 1; lastKnownFileType = text.xcconfig; name = "Pods-flix-flixUITests.release.xcconfig"; path = "Target Support Files/Pods-flix-flixUITests/Pods-flix-flixUITests.release.xcconfig"; sourceTree = "<group>"; };
		ACC33CC51087A37DA3DDA701 /* Pods_flix_flixUITests.framework */ = {isa = PBXFileReference; explicitFileType = wrapper.framework; includeInIndex = 0; path = Pods_flix_flixUITests.framework; sourceTree = BUILT_PRODUCTS_DIR; };
		BCA0C98F204FC8B3ACB31E82 /* Pods_flix.framework */ = {isa = PBXFileReference; explicitFileType = wrapper.framework; includeInIndex = 0; path = Pods_flix.framework; sourceTree = BUILT_PRODUCTS_DIR; };
		C750EA4AE56474E4B64077BA /* Pods-flix-flixUITests.debug.xcconfig */ = {isa = PBXFileReference; includeInIndex = 1; lastKnownFileType = text.xcconfig; name = "Pods-flix-flixUITests.debug.xcconfig"; path = "Target Support Files/Pods-flix-flixUITests/Pods-flix-flixUITests.debug.xcconfig"; sourceTree = "<group>"; };
		D1DF58F7D2331F48F5CEE098 /* Pods_flixTests.framework */ = {isa = PBXFileReference; explicitFileType = wrapper.framework; includeInIndex = 0; path = Pods_flixTests.framework; sourceTree = BUILT_PRODUCTS_DIR; };
		DCE00E4F38880F2513722A21 /* Pods-flixTests.debug.xcconfig */ = {isa = PBXFileReference; includeInIndex = 1; lastKnownFileType = text.xcconfig; name = "Pods-flixTests.debug.xcconfig"; path = "Target Support Files/Pods-flixTests/Pods-flixTests.debug.xcconfig"; sourceTree = "<group>"; };
		E40C21150BCA43EC148B476A /* Pods-flix.debug.xcconfig */ = {isa = PBXFileReference; includeInIndex = 1; lastKnownFileType = text.xcconfig; name = "Pods-flix.debug.xcconfig"; path = "Target Support Files/Pods-flix/Pods-flix.debug.xcconfig"; sourceTree = "<group>"; };
/* End PBXFileReference section */

/* Begin PBXFrameworksBuildPhase section */
		06E3B29A2511CF0D003DA6D8 /* Frameworks */ = {
			isa = PBXFrameworksBuildPhase;
			buildActionMask = 2147483647;
			files = (
				ECA837CF1ED7D44A416CC2B2 /* Pods_flix.framework in Frameworks */,
			);
			runOnlyForDeploymentPostprocessing = 0;
		};
		06E3B2B02511CF19003DA6D8 /* Frameworks */ = {
			isa = PBXFrameworksBuildPhase;
			buildActionMask = 2147483647;
			files = (
				EB5B08027C8A82826621246E /* Pods_flixTests.framework in Frameworks */,
			);
			runOnlyForDeploymentPostprocessing = 0;
		};
		06E3B2BB2511CF19003DA6D8 /* Frameworks */ = {
			isa = PBXFrameworksBuildPhase;
			buildActionMask = 2147483647;
			files = (
				A120A986EFAC0A031DDCF182 /* Pods_flix_flixUITests.framework in Frameworks */,
			);
			runOnlyForDeploymentPostprocessing = 0;
		};
/* End PBXFrameworksBuildPhase section */

/* Begin PBXGroup section */
		06E3B2942511CF0D003DA6D8 = {
			isa = PBXGroup;
			children = (
				06E3B29F2511CF0D003DA6D8 /* flix */,
				06E3B2B62511CF19003DA6D8 /* flixTests */,
				06E3B2C12511CF19003DA6D8 /* flixUITests */,
				06E3B29E2511CF0D003DA6D8 /* Products */,
				0A21F1F32133938B6AF91030 /* Pods */,
				DE9E9C95E3FFFE3FB478BF59 /* Frameworks */,
			);
			sourceTree = "<group>";
		};
		06E3B29E2511CF0D003DA6D8 /* Products */ = {
			isa = PBXGroup;
			children = (
				06E3B29D2511CF0D003DA6D8 /* flix.app */,
				06E3B2B32511CF19003DA6D8 /* flixTests.xctest */,
				06E3B2BE2511CF19003DA6D8 /* flixUITests.xctest */,
			);
			name = Products;
			sourceTree = "<group>";
		};
		06E3B29F2511CF0D003DA6D8 /* flix */ = {
			isa = PBXGroup;
			children = (
				06E3B2A02511CF0E003DA6D8 /* AppDelegate.swift */,
				06E3B2A22511CF0E003DA6D8 /* SceneDelegate.swift */,
				06E3B2A42511CF0E003DA6D8 /* ViewController.swift */,
				06E3B2A62511CF0E003DA6D8 /* Main.storyboard */,
				06E3B2A92511CF18003DA6D8 /* Assets.xcassets */,
				06E3B2AB2511CF18003DA6D8 /* LaunchScreen.storyboard */,
				06E3B2AE2511CF18003DA6D8 /* Info.plist */,
				06E3B2D02511D408003DA6D8 /* MoviesViewController.swift */,
				06E3B2D225126F22003DA6D8 /* MovieCell.swift */,
				062DBAD4251C253C009027BE /* MovieDetailsViewController.swift */,
				062DBAD6251C3138009027BE /* MovieGridViewController.swift */,
				062DBAD8251C34EC009027BE /* MovieGridCell.swift */,
			);
			path = flix;
			sourceTree = "<group>";
		};
		06E3B2B62511CF19003DA6D8 /* flixTests */ = {
			isa = PBXGroup;
			children = (
				06E3B2B72511CF19003DA6D8 /* flixTests.swift */,
				06E3B2B92511CF19003DA6D8 /* Info.plist */,
			);
			path = flixTests;
			sourceTree = "<group>";
		};
		06E3B2C12511CF19003DA6D8 /* flixUITests */ = {
			isa = PBXGroup;
			children = (
				06E3B2C22511CF19003DA6D8 /* flixUITests.swift */,
				06E3B2C42511CF19003DA6D8 /* Info.plist */,
			);
			path = flixUITests;
			sourceTree = "<group>";
		};
		0A21F1F32133938B6AF91030 /* Pods */ = {
			isa = PBXGroup;
			children = (
				E40C21150BCA43EC148B476A /* Pods-flix.debug.xcconfig */,
				2D82C01DACF0D463953D7211 /* Pods-flix.release.xcconfig */,
				C750EA4AE56474E4B64077BA /* Pods-flix-flixUITests.debug.xcconfig */,
				6C740805A793F42B9CD86FA4 /* Pods-flix-flixUITests.release.xcconfig */,
				DCE00E4F38880F2513722A21 /* Pods-flixTests.debug.xcconfig */,
				5B9F928F947F3D957B1C821D /* Pods-flixTests.release.xcconfig */,
			);
			path = Pods;
			sourceTree = "<group>";
		};
		DE9E9C95E3FFFE3FB478BF59 /* Frameworks */ = {
			isa = PBXGroup;
			children = (
				BCA0C98F204FC8B3ACB31E82 /* Pods_flix.framework */,
				ACC33CC51087A37DA3DDA701 /* Pods_flix_flixUITests.framework */,
				D1DF58F7D2331F48F5CEE098 /* Pods_flixTests.framework */,
			);
			name = Frameworks;
			sourceTree = "<group>";
		};
/* End PBXGroup section */

/* Begin PBXNativeTarget section */
		06E3B29C2511CF0D003DA6D8 /* flix */ = {
			isa = PBXNativeTarget;
			buildConfigurationList = 06E3B2C72511CF19003DA6D8 /* Build configuration list for PBXNativeTarget "flix" */;
			buildPhases = (
				6FEBDB53B6E322D282A44A22 /* [CP] Check Pods Manifest.lock */,
				06E3B2992511CF0D003DA6D8 /* Sources */,
				06E3B29A2511CF0D003DA6D8 /* Frameworks */,
				06E3B29B2511CF0D003DA6D8 /* Resources */,
				06C4591F110260F92F6C7B05 /* [CP] Embed Pods Frameworks */,
			);
			buildRules = (
			);
			dependencies = (
			);
			name = flix;
			productName = flix;
			productReference = 06E3B29D2511CF0D003DA6D8 /* flix.app */;
			productType = "com.apple.product-type.application";
		};
		06E3B2B22511CF19003DA6D8 /* flixTests */ = {
			isa = PBXNativeTarget;
			buildConfigurationList = 06E3B2CA2511CF19003DA6D8 /* Build configuration list for PBXNativeTarget "flixTests" */;
			buildPhases = (
				5DD66075B3AC2CC8E24B03A6 /* [CP] Check Pods Manifest.lock */,
				06E3B2AF2511CF19003DA6D8 /* Sources */,
				06E3B2B02511CF19003DA6D8 /* Frameworks */,
				06E3B2B12511CF19003DA6D8 /* Resources */,
			);
			buildRules = (
			);
			dependencies = (
				06E3B2B52511CF19003DA6D8 /* PBXTargetDependency */,
			);
			name = flixTests;
			productName = flixTests;
			productReference = 06E3B2B32511CF19003DA6D8 /* flixTests.xctest */;
			productType = "com.apple.product-type.bundle.unit-test";
		};
		06E3B2BD2511CF19003DA6D8 /* flixUITests */ = {
			isa = PBXNativeTarget;
			buildConfigurationList = 06E3B2CD2511CF19003DA6D8 /* Build configuration list for PBXNativeTarget "flixUITests" */;
			buildPhases = (
				09897A13BCB1F883E7F6E7D8 /* [CP] Check Pods Manifest.lock */,
				06E3B2BA2511CF19003DA6D8 /* Sources */,
				06E3B2BB2511CF19003DA6D8 /* Frameworks */,
				06E3B2BC2511CF19003DA6D8 /* Resources */,
				556C406F10A0D96B7B90CFE7 /* [CP] Embed Pods Frameworks */,
			);
			buildRules = (
			);
			dependencies = (
				06E3B2C02511CF19003DA6D8 /* PBXTargetDependency */,
			);
			name = flixUITests;
			productName = flixUITests;
			productReference = 06E3B2BE2511CF19003DA6D8 /* flixUITests.xctest */;
			productType = "com.apple.product-type.bundle.ui-testing";
		};
/* End PBXNativeTarget section */

/* Begin PBXProject section */
		06E3B2952511CF0D003DA6D8 /* Project object */ = {
			isa = PBXProject;
			attributes = {
				LastSwiftUpdateCheck = 1110;
				LastUpgradeCheck = 1110;
				ORGANIZATIONNAME = "Michael Venturi";
				TargetAttributes = {
					06E3B29C2511CF0D003DA6D8 = {
						CreatedOnToolsVersion = 11.1;
					};
					06E3B2B22511CF19003DA6D8 = {
						CreatedOnToolsVersion = 11.1;
						TestTargetID = 06E3B29C2511CF0D003DA6D8;
					};
					06E3B2BD2511CF19003DA6D8 = {
						CreatedOnToolsVersion = 11.1;
						TestTargetID = 06E3B29C2511CF0D003DA6D8;
					};
				};
			};
			buildConfigurationList = 06E3B2982511CF0D003DA6D8 /* Build configuration list for PBXProject "flix" */;
			compatibilityVersion = "Xcode 9.3";
			developmentRegion = en;
			hasScannedForEncodings = 0;
			knownRegions = (
				en,
				Base,
			);
			mainGroup = 06E3B2942511CF0D003DA6D8;
			productRefGroup = 06E3B29E2511CF0D003DA6D8 /* Products */;
			projectDirPath = "";
			projectRoot = "";
			targets = (
				06E3B29C2511CF0D003DA6D8 /* flix */,
				06E3B2B22511CF19003DA6D8 /* flixTests */,
				06E3B2BD2511CF19003DA6D8 /* flixUITests */,
			);
		};
/* End PBXProject section */

/* Begin PBXResourcesBuildPhase section */
		06E3B29B2511CF0D003DA6D8 /* Resources */ = {
			isa = PBXResourcesBuildPhase;
			buildActionMask = 2147483647;
			files = (
				06E3B2AD2511CF18003DA6D8 /* LaunchScreen.storyboard in Resources */,
				06E3B2AA2511CF18003DA6D8 /* Assets.xcassets in Resources */,
				06E3B2A82511CF0E003DA6D8 /* Main.storyboard in Resources */,
			);
			runOnlyForDeploymentPostprocessing = 0;
		};
		06E3B2B12511CF19003DA6D8 /* Resources */ = {
			isa = PBXResourcesBuildPhase;
			buildActionMask = 2147483647;
			files = (
			);
			runOnlyForDeploymentPostprocessing = 0;
		};
		06E3B2BC2511CF19003DA6D8 /* Resources */ = {
			isa = PBXResourcesBuildPhase;
			buildActionMask = 2147483647;
			files = (
			);
			runOnlyForDeploymentPostprocessing = 0;
		};
/* End PBXResourcesBuildPhase section */

/* Begin PBXShellScriptBuildPhase section */
		06C4591F110260F92F6C7B05 /* [CP] Embed Pods Frameworks */ = {
			isa = PBXShellScriptBuildPhase;
			buildActionMask = 2147483647;
			files = (
			);
			inputFileListPaths = (
				"${PODS_ROOT}/Target Support Files/Pods-flix/Pods-flix-frameworks-${CONFIGURATION}-input-files.xcfilelist",
			);
			name = "[CP] Embed Pods Frameworks";
			outputFileListPaths = (
				"${PODS_ROOT}/Target Support Files/Pods-flix/Pods-flix-frameworks-${CONFIGURATION}-output-files.xcfilelist",
			);
			runOnlyForDeploymentPostprocessing = 0;
			shellPath = /bin/sh;
			shellScript = "\"${PODS_ROOT}/Target Support Files/Pods-flix/Pods-flix-frameworks.sh\"\n";
			showEnvVarsInLog = 0;
		};
		09897A13BCB1F883E7F6E7D8 /* [CP] Check Pods Manifest.lock */ = {
			isa = PBXShellScriptBuildPhase;
			buildActionMask = 2147483647;
			files = (
			);
			inputFileListPaths = (
			);
			inputPaths = (
				"${PODS_PODFILE_DIR_PATH}/Podfile.lock",
				"${PODS_ROOT}/Manifest.lock",
			);
			name = "[CP] Check Pods Manifest.lock";
			outputFileListPaths = (
			);
			outputPaths = (
				"$(DERIVED_FILE_DIR)/Pods-flix-flixUITests-checkManifestLockResult.txt",
			);
			runOnlyForDeploymentPostprocessing = 0;
			shellPath = /bin/sh;
			shellScript = "diff \"${PODS_PODFILE_DIR_PATH}/Podfile.lock\" \"${PODS_ROOT}/Manifest.lock\" > /dev/null\nif [ $? != 0 ] ; then\n    # print error to STDERR\n    echo \"error: The sandbox is not in sync with the Podfile.lock. Run 'pod install' or update your CocoaPods installation.\" >&2\n    exit 1\nfi\n# This output is used by Xcode 'outputs' to avoid re-running this script phase.\necho \"SUCCESS\" > \"${SCRIPT_OUTPUT_FILE_0}\"\n";
			showEnvVarsInLog = 0;
		};
		556C406F10A0D96B7B90CFE7 /* [CP] Embed Pods Frameworks */ = {
			isa = PBXShellScriptBuildPhase;
			buildActionMask = 2147483647;
			files = (
			);
			inputFileListPaths = (
				"${PODS_ROOT}/Target Support Files/Pods-flix-flixUITests/Pods-flix-flixUITests-frameworks-${CONFIGURATION}-input-files.xcfilelist",
			);
			name = "[CP] Embed Pods Frameworks";
			outputFileListPaths = (
				"${PODS_ROOT}/Target Support Files/Pods-flix-flixUITests/Pods-flix-flixUITests-frameworks-${CONFIGURATION}-output-files.xcfilelist",
			);
			runOnlyForDeploymentPostprocessing = 0;
			shellPath = /bin/sh;
			shellScript = "\"${PODS_ROOT}/Target Support Files/Pods-flix-flixUITests/Pods-flix-flixUITests-frameworks.sh\"\n";
			showEnvVarsInLog = 0;
		};
		5DD66075B3AC2CC8E24B03A6 /* [CP] Check Pods Manifest.lock */ = {
			isa = PBXShellScriptBuildPhase;
			buildActionMask = 2147483647;
			files = (
			);
			inputFileListPaths = (
			);
			inputPaths = (
				"${PODS_PODFILE_DIR_PATH}/Podfile.lock",
				"${PODS_ROOT}/Manifest.lock",
			);
			name = "[CP] Check Pods Manifest.lock";
			outputFileListPaths = (
			);
			outputPaths = (
				"$(DERIVED_FILE_DIR)/Pods-flixTests-checkManifestLockResult.txt",
			);
			runOnlyForDeploymentPostprocessing = 0;
			shellPath = /bin/sh;
			shellScript = "diff \"${PODS_PODFILE_DIR_PATH}/Podfile.lock\" \"${PODS_ROOT}/Manifest.lock\" > /dev/null\nif [ $? != 0 ] ; then\n    # print error to STDERR\n    echo \"error: The sandbox is not in sync with the Podfile.lock. Run 'pod install' or update your CocoaPods installation.\" >&2\n    exit 1\nfi\n# This output is used by Xcode 'outputs' to avoid re-running this script phase.\necho \"SUCCESS\" > \"${SCRIPT_OUTPUT_FILE_0}\"\n";
			showEnvVarsInLog = 0;
		};
		6FEBDB53B6E322D282A44A22 /* [CP] Check Pods Manifest.lock */ = {
			isa = PBXShellScriptBuildPhase;
			buildActionMask = 2147483647;
			files = (
			);
			inputFileListPaths = (
			);
			inputPaths = (
				"${PODS_PODFILE_DIR_PATH}/Podfile.lock",
				"${PODS_ROOT}/Manifest.lock",
			);
			name = "[CP] Check Pods Manifest.lock";
			outputFileListPaths = (
			);
			outputPaths = (
				"$(DERIVED_FILE_DIR)/Pods-flix-checkManifestLockResult.txt",
			);
			runOnlyForDeploymentPostprocessing = 0;
			shellPath = /bin/sh;
			shellScript = "diff \"${PODS_PODFILE_DIR_PATH}/Podfile.lock\" \"${PODS_ROOT}/Manifest.lock\" > /dev/null\nif [ $? != 0 ] ; then\n    # print error to STDERR\n    echo \"error: The sandbox is not in sync with the Podfile.lock. Run 'pod install' or update your CocoaPods installation.\" >&2\n    exit 1\nfi\n# This output is used by Xcode 'outputs' to avoid re-running this script phase.\necho \"SUCCESS\" > \"${SCRIPT_OUTPUT_FILE_0}\"\n";
			showEnvVarsInLog = 0;
		};
/* End PBXShellScriptBuildPhase section */

/* Begin PBXSourcesBuildPhase section */
		06E3B2992511CF0D003DA6D8 /* Sources */ = {
			isa = PBXSourcesBuildPhase;
			buildActionMask = 2147483647;
			files = (
				06E3B2A52511CF0E003DA6D8 /* ViewController.swift in Sources */,
				06E3B2A12511CF0E003DA6D8 /* AppDelegate.swift in Sources */,
				062DBAD5251C253C009027BE /* MovieDetailsViewController.swift in Sources */,
				062DBAD7251C3138009027BE /* MovieGridViewController.swift in Sources */,
				062DBAD9251C34EC009027BE /* MovieGridCell.swift in Sources */,
				06E3B2A32511CF0E003DA6D8 /* SceneDelegate.swift in Sources */,
				06E3B2D325126F22003DA6D8 /* MovieCell.swift in Sources */,
				06E3B2D12511D408003DA6D8 /* MoviesViewController.swift in Sources */,
			);
			runOnlyForDeploymentPostprocessing = 0;
		};
		06E3B2AF2511CF19003DA6D8 /* Sources */ = {
			isa = PBXSourcesBuildPhase;
			buildActionMask = 2147483647;
			files = (
				06E3B2B82511CF19003DA6D8 /* flixTests.swift in Sources */,
			);
			runOnlyForDeploymentPostprocessing = 0;
		};
		06E3B2BA2511CF19003DA6D8 /* Sources */ = {
			isa = PBXSourcesBuildPhase;
			buildActionMask = 2147483647;
			files = (
				06E3B2C32511CF19003DA6D8 /* flixUITests.swift in Sources */,
			);
			runOnlyForDeploymentPostprocessing = 0;
		};
/* End PBXSourcesBuildPhase section */

/* Begin PBXTargetDependency section */
		06E3B2B52511CF19003DA6D8 /* PBXTargetDependency */ = {
			isa = PBXTargetDependency;
			target = 06E3B29C2511CF0D003DA6D8 /* flix */;
			targetProxy = 06E3B2B42511CF19003DA6D8 /* PBXContainerItemProxy */;
		};
		06E3B2C02511CF19003DA6D8 /* PBXTargetDependency */ = {
			isa = PBXTargetDependency;
			target = 06E3B29C2511CF0D003DA6D8 /* flix */;
			targetProxy = 06E3B2BF2511CF19003DA6D8 /* PBXContainerItemProxy */;
		};
/* End PBXTargetDependency section */

/* Begin PBXVariantGroup section */
		06E3B2A62511CF0E003DA6D8 /* Main.storyboard */ = {
			isa = PBXVariantGroup;
			children = (
				06E3B2A72511CF0E003DA6D8 /* Base */,
			);
			name = Main.storyboard;
			sourceTree = "<group>";
		};
		06E3B2AB2511CF18003DA6D8 /* LaunchScreen.storyboard */ = {
			isa = PBXVariantGroup;
			children = (
				06E3B2AC2511CF18003DA6D8 /* Base */,
			);
			name = LaunchScreen.storyboard;
			sourceTree = "<group>";
		};
/* End PBXVariantGroup section */

/* Begin XCBuildConfiguration section */
		06E3B2C52511CF19003DA6D8 /* Debug */ = {
			isa = XCBuildConfiguration;
			buildSettings = {
				ALWAYS_SEARCH_USER_PATHS = NO;
				CLANG_ANALYZER_NONNULL = YES;
				CLANG_ANALYZER_NUMBER_OBJECT_CONVERSION = YES_AGGRESSIVE;
				CLANG_CXX_LANGUAGE_STANDARD = "gnu++14";
				CLANG_CXX_LIBRARY = "libc++";
				CLANG_ENABLE_MODULES = YES;
				CLANG_ENABLE_OBJC_ARC = YES;
				CLANG_ENABLE_OBJC_WEAK = YES;
				CLANG_WARN_BLOCK_CAPTURE_AUTORELEASING = YES;
				CLANG_WARN_BOOL_CONVERSION = YES;
				CLANG_WARN_COMMA = YES;
				CLANG_WARN_CONSTANT_CONVERSION = YES;
				CLANG_WARN_DEPRECATED_OBJC_IMPLEMENTATIONS = YES;
				CLANG_WARN_DIRECT_OBJC_ISA_USAGE = YES_ERROR;
				CLANG_WARN_DOCUMENTATION_COMMENTS = YES;
				CLANG_WARN_EMPTY_BODY = YES;
				CLANG_WARN_ENUM_CONVERSION = YES;
				CLANG_WARN_INFINITE_RECURSION = YES;
				CLANG_WARN_INT_CONVERSION = YES;
				CLANG_WARN_NON_LITERAL_NULL_CONVERSION = YES;
				CLANG_WARN_OBJC_IMPLICIT_RETAIN_SELF = YES;
				CLANG_WARN_OBJC_LITERAL_CONVERSION = YES;
				CLANG_WARN_OBJC_ROOT_CLASS = YES_ERROR;
				CLANG_WARN_RANGE_LOOP_ANALYSIS = YES;
				CLANG_WARN_STRICT_PROTOTYPES = YES;
				CLANG_WARN_SUSPICIOUS_MOVE = YES;
				CLANG_WARN_UNGUARDED_AVAILABILITY = YES_AGGRESSIVE;
				CLANG_WARN_UNREACHABLE_CODE = YES;
				CLANG_WARN__DUPLICATE_METHOD_MATCH = YES;
				COPY_PHASE_STRIP = NO;
				DEBUG_INFORMATION_FORMAT = dwarf;
				ENABLE_STRICT_OBJC_MSGSEND = YES;
				ENABLE_TESTABILITY = YES;
				GCC_C_LANGUAGE_STANDARD = gnu11;
				GCC_DYNAMIC_NO_PIC = NO;
				GCC_NO_COMMON_BLOCKS = YES;
				GCC_OPTIMIZATION_LEVEL = 0;
				GCC_PREPROCESSOR_DEFINITIONS = (
					"DEBUG=1",
					"$(inherited)",
				);
				GCC_WARN_64_TO_32_BIT_CONVERSION = YES;
				GCC_WARN_ABOUT_RETURN_TYPE = YES_ERROR;
				GCC_WARN_UNDECLARED_SELECTOR = YES;
				GCC_WARN_UNINITIALIZED_AUTOS = YES_AGGRESSIVE;
				GCC_WARN_UNUSED_FUNCTION = YES;
				GCC_WARN_UNUSED_VARIABLE = YES;
				IPHONEOS_DEPLOYMENT_TARGET = 13.1;
				MTL_ENABLE_DEBUG_INFO = INCLUDE_SOURCE;
				MTL_FAST_MATH = YES;
				ONLY_ACTIVE_ARCH = YES;
				SDKROOT = iphoneos;
				SWIFT_ACTIVE_COMPILATION_CONDITIONS = DEBUG;
				SWIFT_OPTIMIZATION_LEVEL = "-Onone";
			};
			name = Debug;
		};
		06E3B2C62511CF19003DA6D8 /* Release */ = {
			isa = XCBuildConfiguration;
			buildSettings = {
				ALWAYS_SEARCH_USER_PATHS = NO;
				CLANG_ANALYZER_NONNULL = YES;
				CLANG_ANALYZER_NUMBER_OBJECT_CONVERSION = YES_AGGRESSIVE;
				CLANG_CXX_LANGUAGE_STANDARD = "gnu++14";
				CLANG_CXX_LIBRARY = "libc++";
				CLANG_ENABLE_MODULES = YES;
				CLANG_ENABLE_OBJC_ARC = YES;
				CLANG_ENABLE_OBJC_WEAK = YES;
				CLANG_WARN_BLOCK_CAPTURE_AUTORELEASING = YES;
				CLANG_WARN_BOOL_CONVERSION = YES;
				CLANG_WARN_COMMA = YES;
				CLANG_WARN_CONSTANT_CONVERSION = YES;
				CLANG_WARN_DEPRECATED_OBJC_IMPLEMENTATIONS = YES;
				CLANG_WARN_DIRECT_OBJC_ISA_USAGE = YES_ERROR;
				CLANG_WARN_DOCUMENTATION_COMMENTS = YES;
				CLANG_WARN_EMPTY_BODY = YES;
				CLANG_WARN_ENUM_CONVERSION = YES;
				CLANG_WARN_INFINITE_RECURSION = YES;
				CLANG_WARN_INT_CONVERSION = YES;
				CLANG_WARN_NON_LITERAL_NULL_CONVERSION = YES;
				CLANG_WARN_OBJC_IMPLICIT_RETAIN_SELF = YES;
				CLANG_WARN_OBJC_LITERAL_CONVERSION = YES;
				CLANG_WARN_OBJC_ROOT_CLASS = YES_ERROR;
				CLANG_WARN_RANGE_LOOP_ANALYSIS = YES;
				CLANG_WARN_STRICT_PROTOTYPES = YES;
				CLANG_WARN_SUSPICIOUS_MOVE = YES;
				CLANG_WARN_UNGUARDED_AVAILABILITY = YES_AGGRESSIVE;
				CLANG_WARN_UNREACHABLE_CODE = YES;
				CLANG_WARN__DUPLICATE_METHOD_MATCH = YES;
				COPY_PHASE_STRIP = NO;
				DEBUG_INFORMATION_FORMAT = "dwarf-with-dsym";
				ENABLE_NS_ASSERTIONS = NO;
				ENABLE_STRICT_OBJC_MSGSEND = YES;
				GCC_C_LANGUAGE_STANDARD = gnu11;
				GCC_NO_COMMON_BLOCKS = YES;
				GCC_WARN_64_TO_32_BIT_CONVERSION = YES;
				GCC_WARN_ABOUT_RETURN_TYPE = YES_ERROR;
				GCC_WARN_UNDECLARED_SELECTOR = YES;
				GCC_WARN_UNINITIALIZED_AUTOS = YES_AGGRESSIVE;
				GCC_WARN_UNUSED_FUNCTION = YES;
				GCC_WARN_UNUSED_VARIABLE = YES;
				IPHONEOS_DEPLOYMENT_TARGET = 13.1;
				MTL_ENABLE_DEBUG_INFO = NO;
				MTL_FAST_MATH = YES;
				SDKROOT = iphoneos;
				SWIFT_COMPILATION_MODE = wholemodule;
				SWIFT_OPTIMIZATION_LEVEL = "-O";
				VALIDATE_PRODUCT = YES;
			};
			name = Release;
		};
		06E3B2C82511CF19003DA6D8 /* Debug */ = {
			isa = XCBuildConfiguration;
			baseConfigurationReference = E40C21150BCA43EC148B476A /* Pods-flix.debug.xcconfig */;
			buildSettings = {
				ASSETCATALOG_COMPILER_APPICON_NAME = AppIcon;
				CODE_SIGN_STYLE = Automatic;
				INFOPLIST_FILE = flix/Info.plist;
				LD_RUNPATH_SEARCH_PATHS = (
					"$(inherited)",
					"@executable_path/Frameworks",
				);
				PRODUCT_BUNDLE_IDENTIFIER = Codepath.flix;
				PRODUCT_NAME = "$(TARGET_NAME)";
				SWIFT_VERSION = 5.0;
				TARGETED_DEVICE_FAMILY = "1,2";
			};
			name = Debug;
		};
		06E3B2C92511CF19003DA6D8 /* Release */ = {
			isa = XCBuildConfiguration;
			baseConfigurationReference = 2D82C01DACF0D463953D7211 /* Pods-flix.release.xcconfig */;
			buildSettings = {
				ASSETCATALOG_COMPILER_APPICON_NAME = AppIcon;
				CODE_SIGN_STYLE = Automatic;
				INFOPLIST_FILE = flix/Info.plist;
				LD_RUNPATH_SEARCH_PATHS = (
					"$(inherited)",
					"@executable_path/Frameworks",
				);
				PRODUCT_BUNDLE_IDENTIFIER = Codepath.flix;
				PRODUCT_NAME = "$(TARGET_NAME)";
				SWIFT_VERSION = 5.0;
				TARGETED_DEVICE_FAMILY = "1,2";
			};
			name = Release;
		};
		06E3B2CB2511CF19003DA6D8 /* Debug */ = {
			isa = XCBuildConfiguration;
			baseConfigurationReference = DCE00E4F38880F2513722A21 /* Pods-flixTests.debug.xcconfig */;
			buildSettings = {
				ALWAYS_EMBED_SWIFT_STANDARD_LIBRARIES = YES;
				BUNDLE_LOADER = "$(TEST_HOST)";
				CODE_SIGN_STYLE = Automatic;
				INFOPLIST_FILE = flixTests/Info.plist;
				IPHONEOS_DEPLOYMENT_TARGET = 13.1;
				LD_RUNPATH_SEARCH_PATHS = (
					"$(inherited)",
					"@executable_path/Frameworks",
					"@loader_path/Frameworks",
				);
				PRODUCT_BUNDLE_IDENTIFIER = Codepath.flixTests;
				PRODUCT_NAME = "$(TARGET_NAME)";
				SWIFT_VERSION = 5.0;
				TARGETED_DEVICE_FAMILY = "1,2";
				TEST_HOST = "$(BUILT_PRODUCTS_DIR)/flix.app/flix";
			};
			name = Debug;
		};
		06E3B2CC2511CF19003DA6D8 /* Release */ = {
			isa = XCBuildConfiguration;
			baseConfigurationReference = 5B9F928F947F3D957B1C821D /* Pods-flixTests.release.xcconfig */;
			buildSettings = {
				ALWAYS_EMBED_SWIFT_STANDARD_LIBRARIES = YES;
				BUNDLE_LOADER = "$(TEST_HOST)";
				CODE_SIGN_STYLE = Automatic;
				INFOPLIST_FILE = flixTests/Info.plist;
				IPHONEOS_DEPLOYMENT_TARGET = 13.1;
				LD_RUNPATH_SEARCH_PATHS = (
					"$(inherited)",
					"@executable_path/Frameworks",
					"@loader_path/Frameworks",
				);
				PRODUCT_BUNDLE_IDENTIFIER = Codepath.flixTests;
				PRODUCT_NAME = "$(TARGET_NAME)";
				SWIFT_VERSION = 5.0;
				TARGETED_DEVICE_FAMILY = "1,2";
				TEST_HOST = "$(BUILT_PRODUCTS_DIR)/flix.app/flix";
			};
			name = Release;
		};
		06E3B2CE2511CF19003DA6D8 /* Debug */ = {
			isa = XCBuildConfiguration;
			baseConfigurationReference = C750EA4AE56474E4B64077BA /* Pods-flix-flixUITests.debug.xcconfig */;
			buildSettings = {
				ALWAYS_EMBED_SWIFT_STANDARD_LIBRARIES = YES;
				CODE_SIGN_STYLE = Automatic;
				INFOPLIST_FILE = flixUITests/Info.plist;
				LD_RUNPATH_SEARCH_PATHS = (
					"$(inherited)",
					"@executable_path/Frameworks",
					"@loader_path/Frameworks",
				);
				PRODUCT_BUNDLE_IDENTIFIER = Codepath.flixUITests;
				PRODUCT_NAME = "$(TARGET_NAME)";
				SWIFT_VERSION = 5.0;
				TARGETED_DEVICE_FAMILY = "1,2";
				TEST_TARGET_NAME = flix;
			};
			name = Debug;
		};
		06E3B2CF2511CF19003DA6D8 /* Release */ = {
			isa = XCBuildConfiguration;
			baseConfigurationReference = 6C740805A793F42B9CD86FA4 /* Pods-flix-flixUITests.release.xcconfig */;
			buildSettings = {
				ALWAYS_EMBED_SWIFT_STANDARD_LIBRARIES = YES;
				CODE_SIGN_STYLE = Automatic;
				INFOPLIST_FILE = flixUITests/Info.plist;
				LD_RUNPATH_SEARCH_PATHS = (
					"$(inherited)",
					"@executable_path/Frameworks",
					"@loader_path/Frameworks",
				);
				PRODUCT_BUNDLE_IDENTIFIER = Codepath.flixUITests;
				PRODUCT_NAME = "$(TARGET_NAME)";
				SWIFT_VERSION = 5.0;
				TARGETED_DEVICE_FAMILY = "1,2";
				TEST_TARGET_NAME = flix;
			};
			name = Release;
		};
/* End XCBuildConfiguration section */

/* Begin XCConfigurationList section */
		06E3B2982511CF0D003DA6D8 /* Build configuration list for PBXProject "flix" */ = {
			isa = XCConfigurationList;
			buildConfigurations = (
				06E3B2C52511CF19003DA6D8 /* Debug */,
				06E3B2C62511CF19003DA6D8 /* Release */,
			);
			defaultConfigurationIsVisible = 0;
			defaultConfigurationName = Release;
		};
		06E3B2C72511CF19003DA6D8 /* Build configuration list for PBXNativeTarget "flix" */ = {
			isa = XCConfigurationList;
			buildConfigurations = (
				06E3B2C82511CF19003DA6D8 /* Debug */,
				06E3B2C92511CF19003DA6D8 /* Release */,
			);
			defaultConfigurationIsVisible = 0;
			defaultConfigurationName = Release;
		};
		06E3B2CA2511CF19003DA6D8 /* Build configuration list for PBXNativeTarget "flixTests" */ = {
			isa = XCConfigurationList;
			buildConfigurations = (
				06E3B2CB2511CF19003DA6D8 /* Debug */,
				06E3B2CC2511CF19003DA6D8 /* Release */,
			);
			defaultConfigurationIsVisible = 0;
			defaultConfigurationName = Release;
		};
		06E3B2CD2511CF19003DA6D8 /* Build configuration list for PBXNativeTarget "flixUITests" */ = {
			isa = XCConfigurationList;
			buildConfigurations = (
				06E3B2CE2511CF19003DA6D8 /* Debug */,
				06E3B2CF2511CF19003DA6D8 /* Release */,
			);
			defaultConfigurationIsVisible = 0;
			defaultConfigurationName = Release;
		};
/* End XCConfigurationList section */
	};
	rootObject = 06E3B2952511CF0D003DA6D8 /* Project object */;
}
